<?xml version="1.0" encoding="utf-8"?>
<Project ToolsVersion="4.0" xmlns="http://schemas.microsoft.com/developer/msbuild/2003">
  <ItemGroup>
    <Filter Include="소스 파일">
      <UniqueIdentifier>{4FC737F1-C7A5-4376-A066-2A32D752A2FF}</UniqueIdentifier>
      <Extensions>cpp;c;cc;cxx;def;odl;idl;hpj;bat;asm;asmx</Extensions>
    </Filter>
    <Filter Include="헤더 파일">
      <UniqueIdentifier>{93995380-89BD-4b04-88EB-625FBE52EBFB}</UniqueIdentifier>
      <Extensions>h;hh;hpp;hxx;hm;inl;inc;xsd</Extensions>
    </Filter>
    <Filter Include="리소스 파일">
      <UniqueIdentifier>{67DA6AB6-F800-4c08-8B7A-83BB121AAD01}</UniqueIdentifier>
      <Extensions>rc;ico;cur;bmp;dlg;rc2;rct;bin;rgs;gif;jpg;jpeg;jpe;resx;tiff;tif;png;wav;mfcribbon-ms</Extensions>
    </Filter>
    <Filter Include="소스 파일\자료구조">
      <UniqueIdentifier>{ee442c89-f64b-4429-bb24-9fa8a9735823}</UniqueIdentifier>
    </Filter>
    <Filter Include="소스 파일\푼것">
      <UniqueIdentifier>{8279dfcf-2dce-47b2-8516-d5b899d55d71}</UniqueIdentifier>
    </Filter>
  </ItemGroup>
  <ItemGroup>
    <ClCompile Include="templeat.cpp">
      <Filter>소스 파일</Filter>
    </ClCompile>
    <ClCompile Include="control.h">
      <Filter>헤더 파일</Filter>
    </ClCompile>
    <ClCompile Include="myTree.cpp">
      <Filter>소스 파일\자료구조</Filter>
    </ClCompile>
    <ClCompile Include="1725 히스토그램 CPP.cpp">
      <Filter>소스 파일\푼것</Filter>
    </ClCompile>
    <ClCompile Include="2357 최솟값과 최댓값 CPP.cpp">
      <Filter>소스 파일\푼것</Filter>
    </ClCompile>
    <ClCompile Include="6549 히스토그램에서 가장 큰 직사각형 CPP.cpp">
      <Filter>소스 파일\푼것</Filter>
    </ClCompile>
    <ClCompile Include="10868 최솟값 CPP.cpp">
      <Filter>소스 파일\푼것</Filter>
    </ClCompile>
    <ClCompile Include="1395 스위치 CPP.cpp">
      <Filter>소스 파일\푼것</Filter>
    </ClCompile>
    <ClCompile Include="10942 팰린드롬 CPP.cpp">
      <Filter>소스 파일\푼것</Filter>
    </ClCompile>
    <ClCompile Include="11405 책 구매하기 CPP.cpp">
      <Filter>소스 파일</Filter>
    </ClCompile>
    <ClCompile Include="18250 철도 여행 CPP.cpp">
      <Filter>소스 파일\푼것</Filter>
    </ClCompile>
    <ClCompile Include="1006 습격자 초라기 CPP.cpp">
      <Filter>소스 파일</Filter>
    </ClCompile>
    <ClCompile Include="15919 사자는 여행왕이야 CPP.cpp">
      <Filter>소스 파일\푼것</Filter>
    </ClCompile>
    <ClCompile Include="1826 연료채우기 CPP.cpp">
      <Filter>소스 파일</Filter>
    </ClCompile>
  </ItemGroup>
  <ItemGroup>
    <ClInclude Include="myTree.h">
      <Filter>헤더 파일</Filter>
    </ClInclude>
  </ItemGroup>
</Project>