<?xml version="1.0" encoding="utf-8"?>
<Project ToolsVersion="4.0" xmlns="http://schemas.microsoft.com/developer/msbuild/2003">
  <ItemGroup>
    <Filter Include="소스 파일">
      <UniqueIdentifier>{4FC737F1-C7A5-4376-A066-2A32D752A2FF}</UniqueIdentifier>
      <Extensions>cpp;c;cc;cxx;c++;cppm;ixx;def;odl;idl;hpj;bat;asm;asmx</Extensions>
    </Filter>
    <Filter Include="헤더 파일">
      <UniqueIdentifier>{93995380-89BD-4b04-88EB-625FBE52EBFB}</UniqueIdentifier>
      <Extensions>h;hh;hpp;hxx;h++;hm;inl;inc;ipp;xsd</Extensions>
    </Filter>
    <Filter Include="리소스 파일">
      <UniqueIdentifier>{67DA6AB6-F800-4c08-8B7A-83BB121AAD01}</UniqueIdentifier>
      <Extensions>rc;ico;cur;bmp;dlg;rc2;rct;bin;rgs;gif;jpg;jpeg;jpe;resx;tiff;tif;png;wav;mfcribbon-ms</Extensions>
    </Filter>
  </ItemGroup>
  <ItemGroup>
    <ClInclude Include="cpp\_include\problem.h">
      <Filter>헤더 파일</Filter>
    </ClInclude>
    <ClInclude Include="cpp\_include\test.h">
      <Filter>헤더 파일</Filter>
    </ClInclude>
  </ItemGroup>
  <ItemGroup>
    <ClCompile Include="cpp\_include\test.cpp">
      <Filter>소스 파일</Filter>
    </ClCompile>
    <ClCompile Include="cpp\1002 터렛\1002.cpp">
      <Filter>소스 파일</Filter>
    </ClCompile>
    <ClCompile Include="cpp\1005 ACS Craft\cpp\1005.cpp">
      <Filter>소스 파일</Filter>
    </ClCompile>
    <ClCompile Include="cpp\1011 Fly me to the Alpha Centauri\1011.cpp">
      <Filter>소스 파일</Filter>
    </ClCompile>
    <ClCompile Include="cpp\1012 유기농 배추\1012.cpp">
      <Filter>소스 파일</Filter>
    </ClCompile>
    <ClCompile Include="cpp\1016 제곱 ㄴㄴ 수\1016.cpp">
      <Filter>소스 파일</Filter>
    </ClCompile>
    <ClCompile Include="cpp\1043 거짓말\1043.cpp">
      <Filter>소스 파일</Filter>
    </ClCompile>
    <ClCompile Include="cpp\1111 IQ Test\1111.cpp">
      <Filter>소스 파일</Filter>
    </ClCompile>
    <ClCompile Include="cpp\1114 통나무 자르기\1114.cpp">
      <Filter>소스 파일</Filter>
    </ClCompile>
    <ClCompile Include="cpp\1202 보석 도둑\1202.cpp">
      <Filter>소스 파일</Filter>
    </ClCompile>
    <ClCompile Include="cpp\1219 오민식의 고민\1219.cpp">
      <Filter>소스 파일</Filter>
    </ClCompile>
    <ClCompile Include="cpp\1229 육각수\1229.cpp">
      <Filter>소스 파일</Filter>
    </ClCompile>
    <ClCompile Include="cpp\1238 파티\1238.cpp">
      <Filter>소스 파일</Filter>
    </ClCompile>
    <ClCompile Include="cpp\1260 DFS와 BFS\1260.cpp">
      <Filter>소스 파일</Filter>
    </ClCompile>
    <ClCompile Include="cpp\1339 단어 수학\1339.cpp">
      <Filter>소스 파일</Filter>
    </ClCompile>
    <ClCompile Include="cpp\1389 케빈 베이컨의 6단계 법칙\1389.cpp">
      <Filter>소스 파일</Filter>
    </ClCompile>
    <ClCompile Include="cpp\1423 원숭이 키우기\1423.cpp">
      <Filter>소스 파일</Filter>
    </ClCompile>
    <ClCompile Include="cpp\1463 1로 만들기\1463.cpp">
      <Filter>소스 파일</Filter>
    </ClCompile>
    <ClCompile Include="cpp\1504 특정한 최단 경로\1504.cpp">
      <Filter>소스 파일</Filter>
    </ClCompile>
    <ClCompile Include="cpp\1509 팰린드롬 분할\1509.cpp">
      <Filter>소스 파일</Filter>
    </ClCompile>
    <ClCompile Include="cpp\1577 도로의 개수\1577.cpp">
      <Filter>소스 파일</Filter>
    </ClCompile>
    <ClCompile Include="cpp\1644 소수의 연속합\1644.cpp">
      <Filter>소스 파일</Filter>
    </ClCompile>
    <ClCompile Include="cpp\1655 가운데를 말해요\1655.cpp">
      <Filter>소스 파일</Filter>
    </ClCompile>
    <ClCompile Include="cpp\1697 숨바꼭질\1697.cpp">
      <Filter>소스 파일</Filter>
    </ClCompile>
    <ClCompile Include="cpp\1708 볼록 껍질\1708.cpp">
      <Filter>소스 파일</Filter>
    </ClCompile>
    <ClCompile Include="cpp\1715 카드 정렬하기\1715.cpp">
      <Filter>소스 파일</Filter>
    </ClCompile>
    <ClCompile Include="cpp\1717 집합의 표현\1717.cpp">
      <Filter>소스 파일</Filter>
    </ClCompile>
    <ClCompile Include="cpp\1744 수 묶기\1744.cpp">
      <Filter>소스 파일</Filter>
    </ClCompile>
    <ClCompile Include="cpp\1753 최단경로\1753.cpp">
      <Filter>소스 파일</Filter>
    </ClCompile>
    <ClCompile Include="cpp\1766 문제집\1766.cpp">
      <Filter>소스 파일</Filter>
    </ClCompile>
    <ClCompile Include="cpp\1786 찾기\1786.cpp">
      <Filter>소스 파일</Filter>
    </ClCompile>
    <ClCompile Include="cpp\1799 비숍\1799.cpp">
      <Filter>소스 파일</Filter>
    </ClCompile>
    <ClCompile Include="cpp\1916 최소비용 구하기\1916.cpp">
      <Filter>소스 파일</Filter>
    </ClCompile>
    <ClCompile Include="cpp\1918 후위 표기식\1918.cpp">
      <Filter>소스 파일</Filter>
    </ClCompile>
    <ClCompile Include="cpp\1931 회의실 배정\1931.cpp">
      <Filter>소스 파일</Filter>
    </ClCompile>
    <ClCompile Include="cpp\1937 욕심쟁이 판다\1937.cpp">
      <Filter>소스 파일</Filter>
    </ClCompile>
    <ClCompile Include="cpp\1967 트리의 지름\1967.cpp">
      <Filter>소스 파일</Filter>
    </ClCompile>
    <ClCompile Include="cpp\1987 알파벳\1987.cpp">
      <Filter>소스 파일</Filter>
    </ClCompile>
    <ClCompile Include="cpp\2014 소수의 곱\2014.cpp">
      <Filter>소스 파일</Filter>
    </ClCompile>
    <ClCompile Include="cpp\2042 구간 합 구하기\2042.cpp">
      <Filter>소스 파일</Filter>
    </ClCompile>
    <ClCompile Include="cpp\2098 외판원 순회\2098.cpp">
      <Filter>소스 파일</Filter>
    </ClCompile>
    <ClCompile Include="cpp\2115 갤러리\2115.cpp">
      <Filter>소스 파일</Filter>
    </ClCompile>
    <ClCompile Include="cpp\2166 다각형의 면적\2166.cpp">
      <Filter>소스 파일</Filter>
    </ClCompile>
    <ClCompile Include="cpp\2178 미로 탐색\2178.cpp">
      <Filter>소스 파일</Filter>
    </ClCompile>
    <ClCompile Include="cpp\2206 벽 부수고 이동하기\2206.cpp">
      <Filter>소스 파일</Filter>
    </ClCompile>
    <ClCompile Include="cpp\2239 스도쿠\2239.cpp">
      <Filter>소스 파일</Filter>
    </ClCompile>
    <ClCompile Include="cpp\2261 가장 가까운 두 점\2261.cpp">
      <Filter>소스 파일</Filter>
    </ClCompile>
    <ClCompile Include="cpp\2268 수들의 합 7\2268.cpp">
      <Filter>소스 파일</Filter>
    </ClCompile>
    <ClCompile Include="cpp\2294 동전2\2294.cpp">
      <Filter>소스 파일</Filter>
    </ClCompile>
    <ClCompile Include="cpp\2342 Dance Dance Revolution\2342.cpp">
      <Filter>소스 파일</Filter>
    </ClCompile>
    <ClCompile Include="cpp\2473 세 용액\2473.cpp">
      <Filter>소스 파일</Filter>
    </ClCompile>
    <ClCompile Include="cpp\2533 사회망 서비스(SNS)\2533.cpp">
      <Filter>소스 파일</Filter>
    </ClCompile>
    <ClCompile Include="cpp\2565 전깃줄\2565.cpp">
      <Filter>소스 파일</Filter>
    </ClCompile>
    <ClCompile Include="cpp\2623 음악프로그램\2623.cpp">
      <Filter>소스 파일</Filter>
    </ClCompile>
    <ClCompile Include="cpp\4948 베르트랑 공준\4948.cpp">
      <Filter>소스 파일</Filter>
    </ClCompile>
    <ClCompile Include="cpp\5021 왕위 계승\5021.cpp">
      <Filter>소스 파일</Filter>
    </ClCompile>
    <ClCompile Include="cpp\5430 AC\5430.cpp">
      <Filter>소스 파일</Filter>
    </ClCompile>
    <ClCompile Include="cpp\5638 수문\cpp\5638.cpp">
      <Filter>소스 파일</Filter>
    </ClCompile>
    <ClCompile Include="cpp\5639 이진 검색 트리\5639.cpp">
      <Filter>소스 파일</Filter>
    </ClCompile>
    <ClCompile Include="cpp\6137 문자열 생성\6137.cpp">
      <Filter>소스 파일</Filter>
    </ClCompile>
    <ClCompile Include="cpp\6209 제자리 멀리뛰기\6209.cpp">
      <Filter>소스 파일</Filter>
    </ClCompile>
    <ClCompile Include="cpp\6549 히스토그램에서 가장 큰 직사각형\6549.cpp">
      <Filter>소스 파일</Filter>
    </ClCompile>
    <ClCompile Include="cpp\7576 토마토\7576.cpp">
      <Filter>소스 파일</Filter>
    </ClCompile>
    <ClCompile Include="cpp\7579 앱\7579.cpp">
      <Filter>소스 파일</Filter>
    </ClCompile>
    <ClCompile Include="cpp\9019 DSLR\9019.cpp">
      <Filter>소스 파일</Filter>
    </ClCompile>
    <ClCompile Include="cpp\9252 LCS 2\9252.cpp">
      <Filter>소스 파일</Filter>
    </ClCompile>
    <ClCompile Include="cpp\9527 1의 개수 세기\9527.cpp">
      <Filter>소스 파일</Filter>
    </ClCompile>
    <ClCompile Include="cpp\9935 문자열 폭발\9935.cpp">
      <Filter>소스 파일</Filter>
    </ClCompile>
    <ClCompile Include="cpp\10815 숫자 카드\10815.cpp">
      <Filter>소스 파일</Filter>
    </ClCompile>
    <ClCompile Include="cpp\10818 최소, 최대\10818.cpp">
      <Filter>소스 파일</Filter>
    </ClCompile>
    <ClCompile Include="cpp\11049 행렬 곱셈 순서\11049.cpp">
      <Filter>소스 파일</Filter>
    </ClCompile>
    <ClCompile Include="cpp\11054 가장 긴 바이토닉 부분 수열\11054.cpp">
      <Filter>소스 파일</Filter>
    </ClCompile>
    <ClCompile Include="cpp\11057 오르막 수\11057.cpp">
      <Filter>소스 파일</Filter>
    </ClCompile>
    <ClCompile Include="cpp\11375 열혈강호\11375.cpp">
      <Filter>소스 파일</Filter>
    </ClCompile>
    <ClCompile Include="cpp\11779 최소비용 구하기 2\11779.cpp">
      <Filter>소스 파일</Filter>
    </ClCompile>
    <ClCompile Include="cpp\13141 Ignition\13141.cpp">
      <Filter>소스 파일</Filter>
    </ClCompile>
    <ClCompile Include="cpp\13334 철로\13334.cpp">
      <Filter>소스 파일</Filter>
    </ClCompile>
    <ClCompile Include="cpp\13460 구슬 탈출 2\13460.cpp">
      <Filter>소스 파일</Filter>
    </ClCompile>
    <ClCompile Include="cpp\14257 XOR 방정식\14257.cpp">
      <Filter>소스 파일</Filter>
    </ClCompile>
    <ClCompile Include="cpp\14500 테트로미노\14500.cpp">
      <Filter>소스 파일</Filter>
    </ClCompile>
    <ClCompile Include="cpp\14890 경사로\14890.cpp">
      <Filter>소스 파일</Filter>
    </ClCompile>
    <ClCompile Include="cpp\14939 불 끄기\14939.cpp">
      <Filter>소스 파일</Filter>
    </ClCompile>
    <ClCompile Include="cpp\15711 환상의 짝꿍\15711.cpp">
      <Filter>소스 파일</Filter>
    </ClCompile>
    <ClCompile Include="cpp\16120 PPAP\16120.cpp">
      <Filter>소스 파일</Filter>
    </ClCompile>
    <ClCompile Include="cpp\16724 피리 부는 사나이\16724.cpp">
      <Filter>소스 파일</Filter>
    </ClCompile>
    <ClCompile Include="cpp\16946 벽 부수고 이동하기 4\16946.cpp">
      <Filter>소스 파일</Filter>
    </ClCompile>
    <ClCompile Include="cpp\16964 DFS 스페셜 저지\16964.cpp">
      <Filter>소스 파일</Filter>
    </ClCompile>
    <ClCompile Include="cpp\17144 미세먼지 안녕!\17144.cpp">
      <Filter>소스 파일</Filter>
    </ClCompile>
    <ClCompile Include="cpp\17471 게리맨더링\17471.cpp">
      <Filter>소스 파일</Filter>
    </ClCompile>
    <ClCompile Include="cpp\18513 샘터\18513.cpp">
      <Filter>소스 파일</Filter>
    </ClCompile>
    <ClCompile Include="cpp\20149 선분 교차 3\20149.cpp">
      <Filter>소스 파일</Filter>
    </ClCompile>
    <ClCompile Include="cpp\20210 파일 탐색기\20210.cpp">
      <Filter>소스 파일</Filter>
    </ClCompile>
    <ClCompile Include="cpp\23254 나는 기말고사형 인간이야\23254.cpp">
      <Filter>소스 파일</Filter>
    </ClCompile>
    <ClCompile Include="cpp\24508 나도리팡\24508.cpp">
      <Filter>소스 파일</Filter>
    </ClCompile>
    <ClCompile Include="cpp\24884 장작 넣기\24884.cpp">
      <Filter>소스 파일</Filter>
    </ClCompile>
    <ClCompile Include="cpp\3193 공\3193.cpp">
      <Filter>소스 파일</Filter>
    </ClCompile>
    <ClCompile Include="cpp\1429 결혼\1429.cpp">
      <Filter>소스 파일</Filter>
    </ClCompile>
    <ClCompile Include="cpp\15650 N과 M(2)\15650.cpp">
      <Filter>소스 파일</Filter>
    </ClCompile>
    <ClCompile Include="cpp\16236 아기 상어\16236.cpp">
      <Filter>소스 파일</Filter>
    </ClCompile>
    <ClCompile Include="cpp\12850 본대 산책2\12850.cpp">
      <Filter>소스 파일</Filter>
    </ClCompile>
    <ClCompile Include="cpp\11726 2xn 타일\11726.cpp">
      <Filter>소스 파일</Filter>
    </ClCompile>
    <ClCompile Include="cpp\11053 가장 긴 증가하는 부분 수열\11053.cpp">
      <Filter>소스 파일</Filter>
    </ClCompile>
    <ClCompile Include="cpp\12851 숨바꼭질 2\12851.cpp">
      <Filter>소스 파일</Filter>
    </ClCompile>
    <ClCompile Include="cpp\17143 낚시왕\17143.cpp">
      <Filter>소스 파일</Filter>
    </ClCompile>
    <ClCompile Include="cpp\13257 생태학\13257.cpp">
      <Filter>소스 파일</Filter>
    </ClCompile>
    <ClCompile Include="cpp\2877 4와 7\2877.cpp">
      <Filter>소스 파일</Filter>
    </ClCompile>
    <ClCompile Include="cpp\14722 우유 도시\14722.cpp">
      <Filter>소스 파일</Filter>
    </ClCompile>
    <ClCompile Include="cpp\11403 경로찾기\11403.cpp">
      <Filter>소스 파일</Filter>
    </ClCompile>
    <ClCompile Include="cpp\15657 N과 M%288%29\15657.cpp">
      <Filter>소스 파일</Filter>
    </ClCompile>
    <ClCompile Include="cpp\16566 카드게임\16566.cpp">
      <Filter>소스 파일</Filter>
    </ClCompile>
    <ClCompile Include="cpp\11725 트리의 부모 찾기\11725.cpp">
      <Filter>소스 파일</Filter>
    </ClCompile>
  </ItemGroup>
</Project>